// !$*UTF8*$!
{
	archiveVersion = 1;
	classes = {
	};
	objectVersion = 50;
	objects = {

/* Begin PBXBuildFile section */
		354F7B3729C4987800C65C79 /* AppDelegate.swift in Sources */ = {isa = PBXBuildFile; fileRef = 354F7B3629C4987800C65C79 /* AppDelegate.swift */; };
		354F7B3B29C4987800C65C79 /* LoginViewController.swift in Sources */ = {isa = PBXBuildFile; fileRef = 354F7B3A29C4987800C65C79 /* LoginViewController.swift */; };
		354F7B3E29C4987800C65C79 /* Main.storyboard in Resources */ = {isa = PBXBuildFile; fileRef = 354F7B3C29C4987800C65C79 /* Main.storyboard */; };
		354F7B4029C4987A00C65C79 /* Assets.xcassets in Resources */ = {isa = PBXBuildFile; fileRef = 354F7B3F29C4987A00C65C79 /* Assets.xcassets */; };
		354F7B4329C4987A00C65C79 /* LaunchScreen.storyboard in Resources */ = {isa = PBXBuildFile; fileRef = 354F7B4129C4987A00C65C79 /* LaunchScreen.storyboard */; };
		35DAD89F29C88143004471B9 /* User.swift in Sources */ = {isa = PBXBuildFile; fileRef = 35DAD89E29C88143004471B9 /* User.swift */; };
		35DAD8A129C88182004471B9 /* LoginViewModel.swift in Sources */ = {isa = PBXBuildFile; fileRef = 35DAD8A029C88182004471B9 /* LoginViewModel.swift */; };
		35DAD8A329C881C8004471B9 /* Dynamic.swift in Sources */ = {isa = PBXBuildFile; fileRef = 35DAD8A229C881C8004471B9 /* Dynamic.swift */; };
		35DAD8A829C8A827004471B9 /* Coordinator.swift in Sources */ = {isa = PBXBuildFile; fileRef = 35DAD8A729C8A827004471B9 /* Coordinator.swift */; };
		35DAD8AA29C8A93B004471B9 /* AppCoordinator.swift in Sources */ = {isa = PBXBuildFile; fileRef = 35DAD8A929C8A93B004471B9 /* AppCoordinator.swift */; };
		35DAD8AC29C8A9A9004471B9 /* Storyboardable.swift in Sources */ = {isa = PBXBuildFile; fileRef = 35DAD8AB29C8A9A9004471B9 /* Storyboardable.swift */; };
		35DAD8AE29C8AB10004471B9 /* MainViewController.swift in Sources */ = {isa = PBXBuildFile; fileRef = 35DAD8AD29C8AB10004471B9 /* MainViewController.swift */; };
		35DAD8B129C8ABF8004471B9 /* DetailViewController.swift in Sources */ = {isa = PBXBuildFile; fileRef = 35DAD8B029C8ABF8004471B9 /* DetailViewController.swift */; };
		35DAD8B329C9C4E8004471B9 /* UserData.swift in Sources */ = {isa = PBXBuildFile; fileRef = 35DAD8B229C9C4E8004471B9 /* UserData.swift */; };
/* End PBXBuildFile section */

/* Begin PBXFileReference section */
		354F7B3329C4987800C65C79 /* MVVM-C.app */ = {isa = PBXFileReference; explicitFileType = wrapper.application; includeInIndex = 0; path = "MVVM-C.app"; sourceTree = BUILT_PRODUCTS_DIR; };
		354F7B3629C4987800C65C79 /* AppDelegate.swift */ = {isa = PBXFileReference; lastKnownFileType = sourcecode.swift; path = AppDelegate.swift; sourceTree = "<group>"; };
		354F7B3A29C4987800C65C79 /* LoginViewController.swift */ = {isa = PBXFileReference; lastKnownFileType = sourcecode.swift; path = LoginViewController.swift; sourceTree = "<group>"; };
		354F7B3D29C4987800C65C79 /* Base */ = {isa = PBXFileReference; lastKnownFileType = file.storyboard; name = Base; path = Base.lproj/Main.storyboard; sourceTree = "<group>"; };
		354F7B3F29C4987A00C65C79 /* Assets.xcassets */ = {isa = PBXFileReference; lastKnownFileType = folder.assetcatalog; path = Assets.xcassets; sourceTree = "<group>"; };
		354F7B4229C4987A00C65C79 /* Base */ = {isa = PBXFileReference; lastKnownFileType = file.storyboard; name = Base; path = Base.lproj/LaunchScreen.storyboard; sourceTree = "<group>"; };
		354F7B4429C4987A00C65C79 /* Info.plist */ = {isa = PBXFileReference; lastKnownFileType = text.plist.xml; path = Info.plist; sourceTree = "<group>"; };
		35DAD89E29C88143004471B9 /* User.swift */ = {isa = PBXFileReference; lastKnownFileType = sourcecode.swift; path = User.swift; sourceTree = "<group>"; };
		35DAD8A029C88182004471B9 /* LoginViewModel.swift */ = {isa = PBXFileReference; lastKnownFileType = sourcecode.swift; path = LoginViewModel.swift; sourceTree = "<group>"; };
		35DAD8A229C881C8004471B9 /* Dynamic.swift */ = {isa = PBXFileReference; lastKnownFileType = sourcecode.swift; path = Dynamic.swift; sourceTree = "<group>"; };
		35DAD8A729C8A827004471B9 /* Coordinator.swift */ = {isa = PBXFileReference; lastKnownFileType = sourcecode.swift; path = Coordinator.swift; sourceTree = "<group>"; };
		35DAD8A929C8A93B004471B9 /* AppCoordinator.swift */ = {isa = PBXFileReference; lastKnownFileType = sourcecode.swift; path = AppCoordinator.swift; sourceTree = "<group>"; };
		35DAD8AB29C8A9A9004471B9 /* Storyboardable.swift */ = {isa = PBXFileReference; lastKnownFileType = sourcecode.swift; path = Storyboardable.swift; sourceTree = "<group>"; };
		35DAD8AD29C8AB10004471B9 /* MainViewController.swift */ = {isa = PBXFileReference; lastKnownFileType = sourcecode.swift; path = MainViewController.swift; sourceTree = "<group>"; };
		35DAD8B029C8ABF8004471B9 /* DetailViewController.swift */ = {isa = PBXFileReference; lastKnownFileType = sourcecode.swift; path = DetailViewController.swift; sourceTree = "<group>"; };
		35DAD8B229C9C4E8004471B9 /* UserData.swift */ = {isa = PBXFileReference; lastKnownFileType = sourcecode.swift; path = UserData.swift; sourceTree = "<group>"; };
/* End PBXFileReference section */

/* Begin PBXFrameworksBuildPhase section */
		354F7B3029C4987800C65C79 /* Frameworks */ = {
			isa = PBXFrameworksBuildPhase;
			buildActionMask = 2147483647;
			files = (
			);
			runOnlyForDeploymentPostprocessing = 0;
		};
/* End PBXFrameworksBuildPhase section */

/* Begin PBXGroup section */
		354F7B2A29C4987800C65C79 = {
			isa = PBXGroup;
			children = (
				354F7B3529C4987800C65C79 /* MVVM-C */,
				354F7B3429C4987800C65C79 /* Products */,
			);
			sourceTree = "<group>";
		};
		354F7B3429C4987800C65C79 /* Products */ = {
			isa = PBXGroup;
			children = (
				354F7B3329C4987800C65C79 /* MVVM-C.app */,
			);
			name = Products;
			sourceTree = "<group>";
		};
		354F7B3529C4987800C65C79 /* MVVM-C */ = {
			isa = PBXGroup;
			children = (
				35DAD8A529C8A7E8004471B9 /* Coordinators */,
				35DAD89D29C88105004471B9 /* Models */,
				35DAD89C29C880F5004471B9 /* Storyboards */,
				35DAD89B29C880E5004471B9 /* Views */,
				35DAD89929C880C1004471B9 /* ViewModels */,
				354F7B3629C4987800C65C79 /* AppDelegate.swift */,
				354F7B3F29C4987A00C65C79 /* Assets.xcassets */,
				354F7B4429C4987A00C65C79 /* Info.plist */,
			);
			path = "MVVM-C";
			sourceTree = "<group>";
		};
		35DAD89929C880C1004471B9 /* ViewModels */ = {
			isa = PBXGroup;
			children = (
				35DAD8A029C88182004471B9 /* LoginViewModel.swift */,
				35DAD89A29C880D9004471B9 /* Bindings */,
			);
			path = ViewModels;
			sourceTree = "<group>";
		};
		35DAD89A29C880D9004471B9 /* Bindings */ = {
			isa = PBXGroup;
			children = (
				35DAD8A229C881C8004471B9 /* Dynamic.swift */,
			);
			path = Bindings;
			sourceTree = "<group>";
		};
		35DAD89B29C880E5004471B9 /* Views */ = {
			isa = PBXGroup;
			children = (
				35DAD8AF29C8AB97004471B9 /* Protocols */,
				35DAD8A429C885E2004471B9 /* Storyboards */,
				354F7B3A29C4987800C65C79 /* LoginViewController.swift */,
				35DAD8AD29C8AB10004471B9 /* MainViewController.swift */,
				35DAD8B029C8ABF8004471B9 /* DetailViewController.swift */,
			);
			path = Views;
			sourceTree = "<group>";
		};
		35DAD89C29C880F5004471B9 /* Storyboards */ = {
			isa = PBXGroup;
			children = (
			);
			path = Storyboards;
			sourceTree = "<group>";
		};
		35DAD89D29C88105004471B9 /* Models */ = {
			isa = PBXGroup;
			children = (
				35DAD89E29C88143004471B9 /* User.swift */,
				35DAD8B229C9C4E8004471B9 /* UserData.swift */,
			);
			path = Models;
			sourceTree = "<group>";
		};
		35DAD8A429C885E2004471B9 /* Storyboards */ = {
			isa = PBXGroup;
			children = (
				354F7B3C29C4987800C65C79 /* Main.storyboard */,
				354F7B4129C4987A00C65C79 /* LaunchScreen.storyboard */,
			);
			path = Storyboards;
			sourceTree = "<group>";
		};
		35DAD8A529C8A7E8004471B9 /* Coordinators */ = {
			isa = PBXGroup;
			children = (
				35DAD8A629C8A804004471B9 /* Protocols */,
				35DAD8A929C8A93B004471B9 /* AppCoordinator.swift */,
			);
			path = Coordinators;
			sourceTree = "<group>";
		};
		35DAD8A629C8A804004471B9 /* Protocols */ = {
			isa = PBXGroup;
			children = (
				35DAD8A729C8A827004471B9 /* Coordinator.swift */,
			);
			path = Protocols;
			sourceTree = "<group>";
		};
		35DAD8AF29C8AB97004471B9 /* Protocols */ = {
			isa = PBXGroup;
			children = (
				35DAD8AB29C8A9A9004471B9 /* Storyboardable.swift */,
			);
			path = Protocols;
			sourceTree = "<group>";
		};
/* End PBXGroup section */

/* Begin PBXNativeTarget section */
		354F7B3229C4987800C65C79 /* MVVM-C */ = {
			isa = PBXNativeTarget;
			buildConfigurationList = 354F7B4729C4987A00C65C79 /* Build configuration list for PBXNativeTarget "MVVM-C" */;
			buildPhases = (
				354F7B2F29C4987800C65C79 /* Sources */,
				354F7B3029C4987800C65C79 /* Frameworks */,
				354F7B3129C4987800C65C79 /* Resources */,
			);
			buildRules = (
			);
			dependencies = (
			);
			name = "MVVM-C";
			productName = "MVVM-C";
			productReference = 354F7B3329C4987800C65C79 /* MVVM-C.app */;
			productType = "com.apple.product-type.application";
		};
/* End PBXNativeTarget section */

/* Begin PBXProject section */
		354F7B2B29C4987800C65C79 /* Project object */ = {
			isa = PBXProject;
			attributes = {
				LastSwiftUpdateCheck = 1130;
				LastUpgradeCheck = 1130;
				ORGANIZATIONNAME = "Ahmedov Nikolay";
				TargetAttributes = {
					354F7B3229C4987800C65C79 = {
						CreatedOnToolsVersion = 11.3.1;
					};
				};
			};
			buildConfigurationList = 354F7B2E29C4987800C65C79 /* Build configuration list for PBXProject "MVVM-C" */;
			compatibilityVersion = "Xcode 9.3";
			developmentRegion = en;
			hasScannedForEncodings = 0;
			knownRegions = (
				en,
				Base,
			);
			mainGroup = 354F7B2A29C4987800C65C79;
			productRefGroup = 354F7B3429C4987800C65C79 /* Products */;
			projectDirPath = "";
			projectRoot = "";
			targets = (
				354F7B3229C4987800C65C79 /* MVVM-C */,
			);
		};
/* End PBXProject section */

/* Begin PBXResourcesBuildPhase section */
		354F7B3129C4987800C65C79 /* Resources */ = {
			isa = PBXResourcesBuildPhase;
			buildActionMask = 2147483647;
			files = (
				354F7B4329C4987A00C65C79 /* LaunchScreen.storyboard in Resources */,
				354F7B4029C4987A00C65C79 /* Assets.xcassets in Resources */,
				354F7B3E29C4987800C65C79 /* Main.storyboard in Resources */,
			);
			runOnlyForDeploymentPostprocessing = 0;
		};
/* End PBXResourcesBuildPhase section */

/* Begin PBXSourcesBuildPhase section */
		354F7B2F29C4987800C65C79 /* Sources */ = {
			isa = PBXSourcesBuildPhase;
			buildActionMask = 2147483647;
			files = (
				35DAD8A129C88182004471B9 /* LoginViewModel.swift in Sources */,
				35DAD89F29C88143004471B9 /* User.swift in Sources */,
				35DAD8A829C8A827004471B9 /* Coordinator.swift in Sources */,
				354F7B3B29C4987800C65C79 /* LoginViewController.swift in Sources */,
				35DAD8AC29C8A9A9004471B9 /* Storyboardable.swift in Sources */,
				35DAD8B329C9C4E8004471B9 /* UserData.swift in Sources */,
				35DAD8A329C881C8004471B9 /* Dynamic.swift in Sources */,
				35DAD8AE29C8AB10004471B9 /* MainViewController.swift in Sources */,
				35DAD8B129C8ABF8004471B9 /* DetailViewController.swift in Sources */,
				354F7B3729C4987800C65C79 /* AppDelegate.swift in Sources */,
				35DAD8AA29C8A93B004471B9 /* AppCoordinator.swift in Sources */,
			);
			runOnlyForDeploymentPostprocessing = 0;
		};
/* End PBXSourcesBuildPhase section */

/* Begin PBXVariantGroup section */
		354F7B3C29C4987800C65C79 /* Main.storyboard */ = {
			isa = PBXVariantGroup;
			children = (
				354F7B3D29C4987800C65C79 /* Base */,
			);
			name = Main.storyboard;
			sourceTree = "<group>";
		};
		354F7B4129C4987A00C65C79 /* LaunchScreen.storyboard */ = {
			isa = PBXVariantGroup;
			children = (
				354F7B4229C4987A00C65C79 /* Base */,
			);
			name = LaunchScreen.storyboard;
			sourceTree = "<group>";
		};
/* End PBXVariantGroup section */

/* Begin XCBuildConfiguration section */
		354F7B4529C4987A00C65C79 /* Debug */ = {
			isa = XCBuildConfiguration;
			buildSettings = {
				ALWAYS_SEARCH_USER_PATHS = NO;
				CLANG_ANALYZER_NONNULL = YES;
				CLANG_ANALYZER_NUMBER_OBJECT_CONVERSION = YES_AGGRESSIVE;
				CLANG_CXX_LANGUAGE_STANDARD = "gnu++14";
				CLANG_CXX_LIBRARY = "libc++";
				CLANG_ENABLE_MODULES = YES;
				CLANG_ENABLE_OBJC_ARC = YES;
				CLANG_ENABLE_OBJC_WEAK = YES;
				CLANG_WARN_BLOCK_CAPTURE_AUTORELEASING = YES;
				CLANG_WARN_BOOL_CONVERSION = YES;
				CLANG_WARN_COMMA = YES;
				CLANG_WARN_CONSTANT_CONVERSION = YES;
				CLANG_WARN_DEPRECATED_OBJC_IMPLEMENTATIONS = YES;
				CLANG_WARN_DIRECT_OBJC_ISA_USAGE = YES_ERROR;
				CLANG_WARN_DOCUMENTATION_COMMENTS = YES;
				CLANG_WARN_EMPTY_BODY = YES;
				CLANG_WARN_ENUM_CONVERSION = YES;
				CLANG_WARN_INFINITE_RECURSION = YES;
				CLANG_WARN_INT_CONVERSION = YES;
				CLANG_WARN_NON_LITERAL_NULL_CONVERSION = YES;
				CLANG_WARN_OBJC_IMPLICIT_RETAIN_SELF = YES;
				CLANG_WARN_OBJC_LITERAL_CONVERSION = YES;
				CLANG_WARN_OBJC_ROOT_CLASS = YES_ERROR;
				CLANG_WARN_RANGE_LOOP_ANALYSIS = YES;
				CLANG_WARN_STRICT_PROTOTYPES = YES;
				CLANG_WARN_SUSPICIOUS_MOVE = YES;
				CLANG_WARN_UNGUARDED_AVAILABILITY = YES_AGGRESSIVE;
				CLANG_WARN_UNREACHABLE_CODE = YES;
				CLANG_WARN__DUPLICATE_METHOD_MATCH = YES;
				COPY_PHASE_STRIP = NO;
				DEBUG_INFORMATION_FORMAT = dwarf;
				ENABLE_STRICT_OBJC_MSGSEND = YES;
				ENABLE_TESTABILITY = YES;
				GCC_C_LANGUAGE_STANDARD = gnu11;
				GCC_DYNAMIC_NO_PIC = NO;
				GCC_NO_COMMON_BLOCKS = YES;
				GCC_OPTIMIZATION_LEVEL = 0;
				GCC_PREPROCESSOR_DEFINITIONS = (
					"DEBUG=1",
					"$(inherited)",
				);
				GCC_WARN_64_TO_32_BIT_CONVERSION = YES;
				GCC_WARN_ABOUT_RETURN_TYPE = YES_ERROR;
				GCC_WARN_UNDECLARED_SELECTOR = YES;
				GCC_WARN_UNINITIALIZED_AUTOS = YES_AGGRESSIVE;
				GCC_WARN_UNUSED_FUNCTION = YES;
				GCC_WARN_UNUSED_VARIABLE = YES;
				IPHONEOS_DEPLOYMENT_TARGET = 13.2;
				MTL_ENABLE_DEBUG_INFO = INCLUDE_SOURCE;
				MTL_FAST_MATH = YES;
				ONLY_ACTIVE_ARCH = YES;
				SDKROOT = iphoneos;
				SWIFT_ACTIVE_COMPILATION_CONDITIONS = DEBUG;
				SWIFT_OPTIMIZATION_LEVEL = "-Onone";
			};
			name = Debug;
		};
		354F7B4629C4987A00C65C79 /* Release */ = {
			isa = XCBuildConfiguration;
			buildSettings = {
				ALWAYS_SEARCH_USER_PATHS = NO;
				CLANG_ANALYZER_NONNULL = YES;
				CLANG_ANALYZER_NUMBER_OBJECT_CONVERSION = YES_AGGRESSIVE;
				CLANG_CXX_LANGUAGE_STANDARD = "gnu++14";
				CLANG_CXX_LIBRARY = "libc++";
				CLANG_ENABLE_MODULES = YES;
				CLANG_ENABLE_OBJC_ARC = YES;
				CLANG_ENABLE_OBJC_WEAK = YES;
				CLANG_WARN_BLOCK_CAPTURE_AUTORELEASING = YES;
				CLANG_WARN_BOOL_CONVERSION = YES;
				CLANG_WARN_COMMA = YES;
				CLANG_WARN_CONSTANT_CONVERSION = YES;
				CLANG_WARN_DEPRECATED_OBJC_IMPLEMENTATIONS = YES;
				CLANG_WARN_DIRECT_OBJC_ISA_USAGE = YES_ERROR;
				CLANG_WARN_DOCUMENTATION_COMMENTS = YES;
				CLANG_WARN_EMPTY_BODY = YES;
				CLANG_WARN_ENUM_CONVERSION = YES;
				CLANG_WARN_INFINITE_RECURSION = YES;
				CLANG_WARN_INT_CONVERSION = YES;
				CLANG_WARN_NON_LITERAL_NULL_CONVERSION = YES;
				CLANG_WARN_OBJC_IMPLICIT_RETAIN_SELF = YES;
				CLANG_WARN_OBJC_LITERAL_CONVERSION = YES;
				CLANG_WARN_OBJC_ROOT_CLASS = YES_ERROR;
				CLANG_WARN_RANGE_LOOP_ANALYSIS = YES;
				CLANG_WARN_STRICT_PROTOTYPES = YES;
				CLANG_WARN_SUSPICIOUS_MOVE = YES;
				CLANG_WARN_UNGUARDED_AVAILABILITY = YES_AGGRESSIVE;
				CLANG_WARN_UNREACHABLE_CODE = YES;
				CLANG_WARN__DUPLICATE_METHOD_MATCH = YES;
				COPY_PHASE_STRIP = NO;
				DEBUG_INFORMATION_FORMAT = "dwarf-with-dsym";
				ENABLE_NS_ASSERTIONS = NO;
				ENABLE_STRICT_OBJC_MSGSEND = YES;
				GCC_C_LANGUAGE_STANDARD = gnu11;
				GCC_NO_COMMON_BLOCKS = YES;
				GCC_WARN_64_TO_32_BIT_CONVERSION = YES;
				GCC_WARN_ABOUT_RETURN_TYPE = YES_ERROR;
				GCC_WARN_UNDECLARED_SELECTOR = YES;
				GCC_WARN_UNINITIALIZED_AUTOS = YES_AGGRESSIVE;
				GCC_WARN_UNUSED_FUNCTION = YES;
				GCC_WARN_UNUSED_VARIABLE = YES;
				IPHONEOS_DEPLOYMENT_TARGET = 13.2;
				MTL_ENABLE_DEBUG_INFO = NO;
				MTL_FAST_MATH = YES;
				SDKROOT = iphoneos;
				SWIFT_COMPILATION_MODE = wholemodule;
				SWIFT_OPTIMIZATION_LEVEL = "-O";
				VALIDATE_PRODUCT = YES;
			};
			name = Release;
		};
		354F7B4829C4987A00C65C79 /* Debug */ = {
			isa = XCBuildConfiguration;
			buildSettings = {
				ASSETCATALOG_COMPILER_APPICON_NAME = AppIcon;
				CODE_SIGN_STYLE = Automatic;
				DEVELOPMENT_TEAM = PXJT4Z628V;
				INFOPLIST_FILE = "MVVM-C/Info.plist";
				LD_RUNPATH_SEARCH_PATHS = (
					"$(inherited)",
					"@executable_path/Frameworks",
				);
				PRODUCT_BUNDLE_IDENTIFIER = "com.YourOwn.MVVM-C";
				PRODUCT_NAME = "$(TARGET_NAME)";
				SWIFT_VERSION = 5.0;
				TARGETED_DEVICE_FAMILY = "1,2";
			};
			name = Debug;
		};
		354F7B4929C4987A00C65C79 /* Release */ = {
			isa = XCBuildConfiguration;
			buildSettings = {
				ASSETCATALOG_COMPILER_APPICON_NAME = AppIcon;
				CODE_SIGN_STYLE = Automatic;
				DEVELOPMENT_TEAM = PXJT4Z628V;
				INFOPLIST_FILE = "MVVM-C/Info.plist";
				LD_RUNPATH_SEARCH_PATHS = (
					"$(inherited)",
					"@executable_path/Frameworks",
				);
				PRODUCT_BUNDLE_IDENTIFIER = "com.YourOwn.MVVM-C";
				PRODUCT_NAME = "$(TARGET_NAME)";
				SWIFT_VERSION = 5.0;
				TARGETED_DEVICE_FAMILY = "1,2";
			};
			name = Release;
		};
/* End XCBuildConfiguration section */

/* Begin XCConfigurationList section */
		354F7B2E29C4987800C65C79 /* Build configuration list for PBXProject "MVVM-C" */ = {
			isa = XCConfigurationList;
			buildConfigurations = (
				354F7B4529C4987A00C65C79 /* Debug */,
				354F7B4629C4987A00C65C79 /* Release */,
			);
			defaultConfigurationIsVisible = 0;
			defaultConfigurationName = Release;
		};
		354F7B4729C4987A00C65C79 /* Build configuration list for PBXNativeTarget "MVVM-C" */ = {
			isa = XCConfigurationList;
			buildConfigurations = (
				354F7B4829C4987A00C65C79 /* Debug */,
				354F7B4929C4987A00C65C79 /* Release */,
			);
			defaultConfigurationIsVisible = 0;
			defaultConfigurationName = Release;
		};
/* End XCConfigurationList section */
	};
	rootObject = 354F7B2B29C4987800C65C79 /* Project object */;
}
